
Microsoft Visual Studio Solution File, Format Version 12.00
# Visual Studio Version 16
VisualStudioVersion = 16.0.29911.84
MinimumVisualStudioVersion = 10.0.40219.1
Project("{FAE04EC0-301F-11D3-BF4B-00C04F79EFBC}") = "Nested Loops - Exercise", "Nested Loops - Exercise\Nested Loops - Exercise.csproj", "{26F14200-93E6-4AF9-BE35-01E5EB9B5BF0}"
EndProject
Project("{FAE04EC0-301F-11D3-BF4B-00C04F79EFBC}") = "02. Equal Sums Even Odd Position", "02. Equal Sums Even Odd Position\02. Equal Sums Even Odd Position.csproj", "{E6B68258-0D60-4C42-A4E7-B1DB8463B6BB}"
EndProject
Global
	GlobalSection(SolutionConfigurationPlatforms) = preSolution
		Debug|Any CPU = Debug|Any CPU
		Release|Any CPU = Release|Any CPU
	EndGlobalSection
	GlobalSection(ProjectConfigurationPlatforms) = postSolution
		{26F14200-93E6-4AF9-BE35-01E5EB9B5BF0}.Debug|Any CPU.ActiveCfg = Debug|Any CPU
		{26F14200-93E6-4AF9-BE35-01E5EB9B5BF0}.Debug|Any CPU.Build.0 = Debug|Any CPU
		{26F14200-93E6-4AF9-BE35-01E5EB9B5BF0}.Release|Any CPU.ActiveCfg = Release|Any CPU
		{26F14200-93E6-4AF9-BE35-01E5EB9B5BF0}.Release|Any CPU.Build.0 = Release|Any CPU
		{E6B68258-0D60-4C42-A4E7-B1DB8463B6BB}.Debug|Any CPU.ActiveCfg = Debug|Any CPU
		{E6B68258-0D60-4C42-A4E7-B1DB8463B6BB}.Debug|Any CPU.Build.0 = Debug|Any CPU
		{E6B68258-0D60-4C42-A4E7-B1DB8463B6BB}.Release|Any CPU.ActiveCfg = Release|Any CPU
		{E6B68258-0D60-4C42-A4E7-B1DB8463B6BB}.Release|Any CPU.Build.0 = Release|Any CPU
	EndGlobalSection
	GlobalSection(SolutionProperties) = preSolution
		HideSolutionNode = FALSE
	EndGlobalSection
	GlobalSection(ExtensibilityGlobals) = postSolution
		SolutionGuid = {C923B86B-28B9-4E49-B91A-623B31A48B52}
	EndGlobalSection
EndGlobal
